
Microsoft Visual Studio Solution File, Format Version 12.00
# Visual Studio Version 17
VisualStudioVersion = 17.7.34031.279
MinimumVisualStudioVersion = 10.0.40219.1
Project("{9A19103F-16F7-4668-BE54-9A1E7A4F7556}") = "MoneySenseWeb", "MoneySenseWeb.csproj", "{8A4132C5-E600-4F83-AE15-914E0A4773E4}"
EndProject
Global
	GlobalSection(SolutionConfigurationPlatforms) = preSolution
		Debug|Any CPU = Debug|Any CPU
		Release|Any CPU = Release|Any CPU
	EndGlobalSection
	GlobalSection(ProjectConfigurationPlatforms) = postSolution
		{8A4132C5-E600-4F83-AE15-914E0A4773E4}.Debug|Any CPU.ActiveCfg = Debug|Any CPU
		{8A4132C5-E600-4F83-AE15-914E0A4773E4}.Debug|Any CPU.Build.0 = Debug|Any CPU
		{8A4132C5-E600-4F83-AE15-914E0A4773E4}.Release|Any CPU.ActiveCfg = Release|Any CPU
		{8A4132C5-E600-4F83-AE15-914E0A4773E4}.Release|Any CPU.Build.0 = Release|Any CPU
	EndGlobalSection
	GlobalSection(SolutionProperties) = preSolution
		HideSolutionNode = FALSE
	EndGlobalSection
	GlobalSection(ExtensibilityGlobals) = postSolution
		SolutionGuid = {7BA8EBC7-B6E0-40BB-BC7A-799688DCC5E6}
	EndGlobalSection
EndGlobal
